<Solution>
  <Project Path="InvestmentOperations.API/InvestmentOperations.API.csproj" Id="049a6dc8-285f-44fe-b8ca-4c3461ea7756" />
  <Project Path="InvestmentOperations.Business/InvestmentOperations.Business.csproj" />
  <Project Path="InvestmentOperations.Core/InvestmentOperations.Core.csproj" Id="5cc00fe3-453d-4408-a767-c9bb86e14a1d" />
  <Project Path="InvestmentOperations.DataAccess/InvestmentOperations.DataAccess.csproj" />
  <Project Path="InvestmentOperations.Entities/InvestmentOperations.Entities.csproj" />
</Solution>
